// !$*UTF8*$!
{
	archiveVersion = 1;
	classes = {
	};
	objectVersion = 48;
	objects = {

/* Begin PBXBuildFile section */
		285700B91F8F60320002389D /* AppDelegate.m in Sources */ = {isa = PBXBuildFile; fileRef = 285700B81F8F60320002389D /* AppDelegate.m */; };
		285700BC1F8F60320002389D /* ViewController.m in Sources */ = {isa = PBXBuildFile; fileRef = 285700BB1F8F60320002389D /* ViewController.m */; };
		285700BF1F8F60320002389D /* Main.storyboard in Resources */ = {isa = PBXBuildFile; fileRef = 285700BD1F8F60320002389D /* Main.storyboard */; };
		285700C41F8F60320002389D /* LaunchScreen.storyboard in Resources */ = {isa = PBXBuildFile; fileRef = 285700C21F8F60320002389D /* LaunchScreen.storyboard */; };
		285700C71F8F60320002389D /* main.m in Sources */ = {isa = PBXBuildFile; fileRef = 285700C61F8F60320002389D /* main.m */; };
		285700D11F8F60320002389D /* L171012_pmTests.m in Sources */ = {isa = PBXBuildFile; fileRef = 285700D01F8F60320002389D /* L171012_pmTests.m */; };
		285700DC1F8F60320002389D /* L171012_pmUITests.m in Sources */ = {isa = PBXBuildFile; fileRef = 285700DB1F8F60320002389D /* L171012_pmUITests.m */; };
		285700EE1F909E5A0002389D /* TableViewController_one.m in Sources */ = {isa = PBXBuildFile; fileRef = 285700ED1F909E590002389D /* TableViewController_one.m */; };
		285700F21F909E810002389D /* TableViewCell_one.m in Sources */ = {isa = PBXBuildFile; fileRef = 285700F01F909E810002389D /* TableViewCell_one.m */; };
		285700F31F909E810002389D /* TableViewCell_one.xib in Resources */ = {isa = PBXBuildFile; fileRef = 285700F11F909E810002389D /* TableViewCell_one.xib */; };
		28F426032018579E0025B458 /* Assets.xcassets in Resources */ = {isa = PBXBuildFile; fileRef = 28F426022018579E0025B458 /* Assets.xcassets */; };
/* End PBXBuildFile section */

/* Begin PBXContainerItemProxy section */
		285700CD1F8F60320002389D /* PBXContainerItemProxy */ = {
			isa = PBXContainerItemProxy;
			containerPortal = 285700AC1F8F60320002389D /* Project object */;
			proxyType = 1;
			remoteGlobalIDString = 285700B31F8F60320002389D;
			remoteInfo = L171012_pm;
		};
		285700D81F8F60320002389D /* PBXContainerItemProxy */ = {
			isa = PBXContainerItemProxy;
			containerPortal = 285700AC1F8F60320002389D /* Project object */;
			proxyType = 1;
			remoteGlobalIDString = 285700B31F8F60320002389D;
			remoteInfo = L171012_pm;
		};
/* End PBXContainerItemProxy section */

/* Begin PBXFileReference section */
		285700B41F8F60320002389D /* L171012_pm.app */ = {isa = PBXFileReference; explicitFileType = wrapper.application; includeInIndex = 0; path = L171012_pm.app; sourceTree = BUILT_PRODUCTS_DIR; };
		285700B71F8F60320002389D /* AppDelegate.h */ = {isa = PBXFileReference; lastKnownFileType = sourcecode.c.h; path = AppDelegate.h; sourceTree = "<group>"; };
		285700B81F8F60320002389D /* AppDelegate.m */ = {isa = PBXFileReference; lastKnownFileType = sourcecode.c.objc; path = AppDelegate.m; sourceTree = "<group>"; };
		285700BA1F8F60320002389D /* ViewController.h */ = {isa = PBXFileReference; lastKnownFileType = sourcecode.c.h; path = ViewController.h; sourceTree = "<group>"; };
		285700BB1F8F60320002389D /* ViewController.m */ = {isa = PBXFileReference; lastKnownFileType = sourcecode.c.objc; path = ViewController.m; sourceTree = "<group>"; };
		285700BE1F8F60320002389D /* Base */ = {isa = PBXFileReference; lastKnownFileType = file.storyboard; name = Base; path = Base.lproj/Main.storyboard; sourceTree = "<group>"; };
		285700C31F8F60320002389D /* Base */ = {isa = PBXFileReference; lastKnownFileType = file.storyboard; name = Base; path = Base.lproj/LaunchScreen.storyboard; sourceTree = "<group>"; };
		285700C51F8F60320002389D /* Info.plist */ = {isa = PBXFileReference; lastKnownFileType = text.plist.xml; path = Info.plist; sourceTree = "<group>"; };
		285700C61F8F60320002389D /* main.m */ = {isa = PBXFileReference; lastKnownFileType = sourcecode.c.objc; path = main.m; sourceTree = "<group>"; };
		285700CC1F8F60320002389D /* L171012_pmTests.xctest */ = {isa = PBXFileReference; explicitFileType = wrapper.cfbundle; includeInIndex = 0; path = L171012_pmTests.xctest; sourceTree = BUILT_PRODUCTS_DIR; };
		285700D01F8F60320002389D /* L171012_pmTests.m */ = {isa = PBXFileReference; lastKnownFileType = sourcecode.c.objc; path = L171012_pmTests.m; sourceTree = "<group>"; };
		285700D21F8F60320002389D /* Info.plist */ = {isa = PBXFileReference; lastKnownFileType = text.plist.xml; path = Info.plist; sourceTree = "<group>"; };
		285700D71F8F60320002389D /* L171012_pmUITests.xctest */ = {isa = PBXFileReference; explicitFileType = wrapper.cfbundle; includeInIndex = 0; path = L171012_pmUITests.xctest; sourceTree = BUILT_PRODUCTS_DIR; };
		285700DB1F8F60320002389D /* L171012_pmUITests.m */ = {isa = PBXFileReference; lastKnownFileType = sourcecode.c.objc; path = L171012_pmUITests.m; sourceTree = "<group>"; };
		285700DD1F8F60320002389D /* Info.plist */ = {isa = PBXFileReference; lastKnownFileType = text.plist.xml; path = Info.plist; sourceTree = "<group>"; };
		285700EC1F909E590002389D /* TableViewController_one.h */ = {isa = PBXFileReference; lastKnownFileType = sourcecode.c.h; path = TableViewController_one.h; sourceTree = "<group>"; };
		285700ED1F909E590002389D /* TableViewController_one.m */ = {isa = PBXFileReference; lastKnownFileType = sourcecode.c.objc; path = TableViewController_one.m; sourceTree = "<group>"; };
		285700EF1F909E810002389D /* TableViewCell_one.h */ = {isa = PBXFileReference; lastKnownFileType = sourcecode.c.h; path = TableViewCell_one.h; sourceTree = "<group>"; };
		285700F01F909E810002389D /* TableViewCell_one.m */ = {isa = PBXFileReference; lastKnownFileType = sourcecode.c.objc; path = TableViewCell_one.m; sourceTree = "<group>"; };
		285700F11F909E810002389D /* TableViewCell_one.xib */ = {isa = PBXFileReference; lastKnownFileType = file.xib; path = TableViewCell_one.xib; sourceTree = "<group>"; };
		28F426022018579E0025B458 /* Assets.xcassets */ = {isa = PBXFileReference; lastKnownFileType = folder.assetcatalog; path = Assets.xcassets; sourceTree = "<group>"; };
/* End PBXFileReference section */

/* Begin PBXFrameworksBuildPhase section */
		285700B11F8F60320002389D /* Frameworks */ = {
			isa = PBXFrameworksBuildPhase;
			buildActionMask = 2147483647;
			files = (
			);
			runOnlyForDeploymentPostprocessing = 0;
		};
		285700C91F8F60320002389D /* Frameworks */ = {
			isa = PBXFrameworksBuildPhase;
			buildActionMask = 2147483647;
			files = (
			);
			runOnlyForDeploymentPostprocessing = 0;
		};
		285700D41F8F60320002389D /* Frameworks */ = {
			isa = PBXFrameworksBuildPhase;
			buildActionMask = 2147483647;
			files = (
			);
			runOnlyForDeploymentPostprocessing = 0;
		};
/* End PBXFrameworksBuildPhase section */

/* Begin PBXGroup section */
		285700AB1F8F60320002389D = {
			isa = PBXGroup;
			children = (
				285700B61F8F60320002389D /* L171012_pm */,
				285700CF1F8F60320002389D /* L171012_pmTests */,
				285700DA1F8F60320002389D /* L171012_pmUITests */,
				285700B51F8F60320002389D /* Products */,
			);
			sourceTree = "<group>";
		};
		285700B51F8F60320002389D /* Products */ = {
			isa = PBXGroup;
			children = (
				285700B41F8F60320002389D /* L171012_pm.app */,
				285700CC1F8F60320002389D /* L171012_pmTests.xctest */,
				285700D71F8F60320002389D /* L171012_pmUITests.xctest */,
			);
			name = Products;
			sourceTree = "<group>";
		};
		285700B61F8F60320002389D /* L171012_pm */ = {
			isa = PBXGroup;
			children = (
				28F426022018579E0025B458 /* Assets.xcassets */,
				285700EB1F909DBA0002389D /* tabView */,
				285700B71F8F60320002389D /* AppDelegate.h */,
				285700B81F8F60320002389D /* AppDelegate.m */,
				285700BA1F8F60320002389D /* ViewController.h */,
				285700BB1F8F60320002389D /* ViewController.m */,
				285700BD1F8F60320002389D /* Main.storyboard */,
				285700C21F8F60320002389D /* LaunchScreen.storyboard */,
				285700C51F8F60320002389D /* Info.plist */,
				285700C61F8F60320002389D /* main.m */,
			);
			path = L171012_pm;
			sourceTree = "<group>";
		};
		285700CF1F8F60320002389D /* L171012_pmTests */ = {
			isa = PBXGroup;
			children = (
				285700D01F8F60320002389D /* L171012_pmTests.m */,
				285700D21F8F60320002389D /* Info.plist */,
			);
			path = L171012_pmTests;
			sourceTree = "<group>";
		};
		285700DA1F8F60320002389D /* L171012_pmUITests */ = {
			isa = PBXGroup;
			children = (
				285700DB1F8F60320002389D /* L171012_pmUITests.m */,
				285700DD1F8F60320002389D /* Info.plist */,
			);
			path = L171012_pmUITests;
			sourceTree = "<group>";
		};
		285700EB1F909DBA0002389D /* tabView */ = {
			isa = PBXGroup;
			children = (
				285700EC1F909E590002389D /* TableViewController_one.h */,
				285700ED1F909E590002389D /* TableViewController_one.m */,
				285700EF1F909E810002389D /* TableViewCell_one.h */,
				285700F01F909E810002389D /* TableViewCell_one.m */,
				285700F11F909E810002389D /* TableViewCell_one.xib */,
			);
			path = tabView;
			sourceTree = "<group>";
		};
/* End PBXGroup section */

/* Begin PBXNativeTarget section */
		285700B31F8F60320002389D /* L171012_pm */ = {
			isa = PBXNativeTarget;
			buildConfigurationList = 285700E01F8F60320002389D /* Build configuration list for PBXNativeTarget "L171012_pm" */;
			buildPhases = (
				285700B01F8F60320002389D /* Sources */,
				285700B11F8F60320002389D /* Frameworks */,
				285700B21F8F60320002389D /* Resources */,
			);
			buildRules = (
			);
			dependencies = (
			);
			name = L171012_pm;
			productName = L171012_pm;
			productReference = 285700B41F8F60320002389D /* L171012_pm.app */;
			productType = "com.apple.product-type.application";
		};
		285700CB1F8F60320002389D /* L171012_pmTests */ = {
			isa = PBXNativeTarget;
			buildConfigurationList = 285700E31F8F60320002389D /* Build configuration list for PBXNativeTarget "L171012_pmTests" */;
			buildPhases = (
				285700C81F8F60320002389D /* Sources */,
				285700C91F8F60320002389D /* Frameworks */,
				285700CA1F8F60320002389D /* Resources */,
			);
			buildRules = (
			);
			dependencies = (
				285700CE1F8F60320002389D /* PBXTargetDependency */,
			);
			name = L171012_pmTests;
			productName = L171012_pmTests;
			productReference = 285700CC1F8F60320002389D /* L171012_pmTests.xctest */;
			productType = "com.apple.product-type.bundle.unit-test";
		};
		285700D61F8F60320002389D /* L171012_pmUITests */ = {
			isa = PBXNativeTarget;
			buildConfigurationList = 285700E61F8F60320002389D /* Build configuration list for PBXNativeTarget "L171012_pmUITests" */;
			buildPhases = (
				285700D31F8F60320002389D /* Sources */,
				285700D41F8F60320002389D /* Frameworks */,
				285700D51F8F60320002389D /* Resources */,
			);
			buildRules = (
			);
			dependencies = (
				285700D91F8F60320002389D /* PBXTargetDependency */,
			);
			name = L171012_pmUITests;
			productName = L171012_pmUITests;
			productReference = 285700D71F8F60320002389D /* L171012_pmUITests.xctest */;
			productType = "com.apple.product-type.bundle.ui-testing";
		};
/* End PBXNativeTarget section */

/* Begin PBXProject section */
		285700AC1F8F60320002389D /* Project object */ = {
			isa = PBXProject;
			attributes = {
				LastUpgradeCheck = 0900;
				ORGANIZATIONNAME = LinYan;
				TargetAttributes = {
					285700B31F8F60320002389D = {
						CreatedOnToolsVersion = 9.0;
						ProvisioningStyle = Automatic;
					};
					285700CB1F8F60320002389D = {
						CreatedOnToolsVersion = 9.0;
						ProvisioningStyle = Automatic;
						TestTargetID = 285700B31F8F60320002389D;
					};
					285700D61F8F60320002389D = {
						CreatedOnToolsVersion = 9.0;
						ProvisioningStyle = Automatic;
						TestTargetID = 285700B31F8F60320002389D;
					};
				};
			};
			buildConfigurationList = 285700AF1F8F60320002389D /* Build configuration list for PBXProject "L171012_pm" */;
			compatibilityVersion = "Xcode 8.0";
			developmentRegion = en;
			hasScannedForEncodings = 0;
			knownRegions = (
				en,
				Base,
			);
			mainGroup = 285700AB1F8F60320002389D;
			productRefGroup = 285700B51F8F60320002389D /* Products */;
			projectDirPath = "";
			projectRoot = "";
			targets = (
				285700B31F8F60320002389D /* L171012_pm */,
				285700CB1F8F60320002389D /* L171012_pmTests */,
				285700D61F8F60320002389D /* L171012_pmUITests */,
			);
		};
/* End PBXProject section */

/* Begin PBXResourcesBuildPhase section */
		285700B21F8F60320002389D /* Resources */ = {
			isa = PBXResourcesBuildPhase;
			buildActionMask = 2147483647;
			files = (
				285700C41F8F60320002389D /* LaunchScreen.storyboard in Resources */,
				285700F31F909E810002389D /* TableViewCell_one.xib in Resources */,
				28F426032018579E0025B458 /* Assets.xcassets in Resources */,
				285700BF1F8F60320002389D /* Main.storyboard in Resources */,
			);
			runOnlyForDeploymentPostprocessing = 0;
		};
		285700CA1F8F60320002389D /* Resources */ = {
			isa = PBXResourcesBuildPhase;
			buildActionMask = 2147483647;
			files = (
			);
			runOnlyForDeploymentPostprocessing = 0;
		};
		285700D51F8F60320002389D /* Resources */ = {
			isa = PBXResourcesBuildPhase;
			buildActionMask = 2147483647;
			files = (
			);
			runOnlyForDeploymentPostprocessing = 0;
		};
/* End PBXResourcesBuildPhase section */

/* Begin PBXSourcesBuildPhase section */
		285700B01F8F60320002389D /* Sources */ = {
			isa = PBXSourcesBuildPhase;
			buildActionMask = 2147483647;
			files = (
				285700EE1F909E5A0002389D /* TableViewController_one.m in Sources */,
				285700BC1F8F60320002389D /* ViewController.m in Sources */,
				285700F21F909E810002389D /* TableViewCell_one.m in Sources */,
				285700C71F8F60320002389D /* main.m in Sources */,
				285700B91F8F60320002389D /* AppDelegate.m in Sources */,
			);
			runOnlyForDeploymentPostprocessing = 0;
		};
		285700C81F8F60320002389D /* Sources */ = {
			isa = PBXSourcesBuildPhase;
			buildActionMask = 2147483647;
			files = (
				285700D11F8F60320002389D /* L171012_pmTests.m in Sources */,
			);
			runOnlyForDeploymentPostprocessing = 0;
		};
		285700D31F8F60320002389D /* Sources */ = {
			isa = PBXSourcesBuildPhase;
			buildActionMask = 2147483647;
			files = (
				285700DC1F8F60320002389D /* L171012_pmUITests.m in Sources */,
			);
			runOnlyForDeploymentPostprocessing = 0;
		};
/* End PBXSourcesBuildPhase section */

/* Begin PBXTargetDependency section */
		285700CE1F8F60320002389D /* PBXTargetDependency */ = {
			isa = PBXTargetDependency;
			target = 285700B31F8F60320002389D /* L171012_pm */;
			targetProxy = 285700CD1F8F60320002389D /* PBXContainerItemProxy */;
		};
		285700D91F8F60320002389D /* PBXTargetDependency */ = {
			isa = PBXTargetDependency;
			target = 285700B31F8F60320002389D /* L171012_pm */;
			targetProxy = 285700D81F8F60320002389D /* PBXContainerItemProxy */;
		};
/* End PBXTargetDependency section */

/* Begin PBXVariantGroup section */
		285700BD1F8F60320002389D /* Main.storyboard */ = {
			isa = PBXVariantGroup;
			children = (
				285700BE1F8F60320002389D /* Base */,
			);
			name = Main.storyboard;
			sourceTree = "<group>";
		};
		285700C21F8F60320002389D /* LaunchScreen.storyboard */ = {
			isa = PBXVariantGroup;
			children = (
				285700C31F8F60320002389D /* Base */,
			);
			name = LaunchScreen.storyboard;
			sourceTree = "<group>";
		};
/* End PBXVariantGroup section */

/* Begin XCBuildConfiguration section */
		285700DE1F8F60320002389D /* Debug */ = {
			isa = XCBuildConfiguration;
			buildSettings = {
				ALWAYS_SEARCH_USER_PATHS = NO;
				CLANG_ANALYZER_NONNULL = YES;
				CLANG_ANALYZER_NUMBER_OBJECT_CONVERSION = YES_AGGRESSIVE;
				CLANG_CXX_LANGUAGE_STANDARD = "gnu++14";
				CLANG_CXX_LIBRARY = "libc++";
				CLANG_ENABLE_MODULES = YES;
				CLANG_ENABLE_OBJC_ARC = YES;
				CLANG_WARN_BLOCK_CAPTURE_AUTORELEASING = YES;
				CLANG_WARN_BOOL_CONVERSION = YES;
				CLANG_WARN_COMMA = YES;
				CLANG_WARN_CONSTANT_CONVERSION = YES;
				CLANG_WARN_DIRECT_OBJC_ISA_USAGE = YES_ERROR;
				CLANG_WARN_DOCUMENTATION_COMMENTS = YES;
				CLANG_WARN_EMPTY_BODY = YES;
				CLANG_WARN_ENUM_CONVERSION = YES;
				CLANG_WARN_INFINITE_RECURSION = YES;
				CLANG_WARN_INT_CONVERSION = YES;
				CLANG_WARN_NON_LITERAL_NULL_CONVERSION = YES;
				CLANG_WARN_OBJC_LITERAL_CONVERSION = YES;
				CLANG_WARN_OBJC_ROOT_CLASS = YES_ERROR;
				CLANG_WARN_RANGE_LOOP_ANALYSIS = YES;
				CLANG_WARN_STRICT_PROTOTYPES = YES;
				CLANG_WARN_SUSPICIOUS_MOVE = YES;
				CLANG_WARN_UNGUARDED_AVAILABILITY = YES_AGGRESSIVE;
				CLANG_WARN_UNREACHABLE_CODE = YES;
				CLANG_WARN__DUPLICATE_METHOD_MATCH = YES;
				CODE_SIGN_IDENTITY = "iPhone Developer";
				COPY_PHASE_STRIP = NO;
				DEBUG_INFORMATION_FORMAT = dwarf;
				ENABLE_STRICT_OBJC_MSGSEND = YES;
				ENABLE_TESTABILITY = YES;
				GCC_C_LANGUAGE_STANDARD = gnu11;
				GCC_DYNAMIC_NO_PIC = NO;
				GCC_NO_COMMON_BLOCKS = YES;
				GCC_OPTIMIZATION_LEVEL = 0;
				GCC_PREPROCESSOR_DEFINITIONS = (
					"DEBUG=1",
					"$(inherited)",
				);
				GCC_WARN_64_TO_32_BIT_CONVERSION = YES;
				GCC_WARN_ABOUT_RETURN_TYPE = YES_ERROR;
				GCC_WARN_UNDECLARED_SELECTOR = YES;
				GCC_WARN_UNINITIALIZED_AUTOS = YES_AGGRESSIVE;
				GCC_WARN_UNUSED_FUNCTION = YES;
				GCC_WARN_UNUSED_VARIABLE = YES;
				IPHONEOS_DEPLOYMENT_TARGET = 11.0;
				MTL_ENABLE_DEBUG_INFO = YES;
				ONLY_ACTIVE_ARCH = YES;
				SDKROOT = iphoneos;
			};
			name = Debug;
		};
		285700DF1F8F60320002389D /* Release */ = {
			isa = XCBuildConfiguration;
			buildSettings = {
				ALWAYS_SEARCH_USER_PATHS = NO;
				CLANG_ANALYZER_NONNULL = YES;
				CLANG_ANALYZER_NUMBER_OBJECT_CONVERSION = YES_AGGRESSIVE;
				CLANG_CXX_LANGUAGE_STANDARD = "gnu++14";
				CLANG_CXX_LIBRARY = "libc++";
				CLANG_ENABLE_MODULES = YES;
				CLANG_ENABLE_OBJC_ARC = YES;
				CLANG_WARN_BLOCK_CAPTURE_AUTORELEASING = YES;
				CLANG_WARN_BOOL_CONVERSION = YES;
				CLANG_WARN_COMMA = YES;
				CLANG_WARN_CONSTANT_CONVERSION = YES;
				CLANG_WARN_DIRECT_OBJC_ISA_USAGE = YES_ERROR;
				CLANG_WARN_DOCUMENTATION_COMMENTS = YES;
				CLANG_WARN_EMPTY_BODY = YES;
				CLANG_WARN_ENUM_CONVERSION = YES;
				CLANG_WARN_INFINITE_RECURSION = YES;
				CLANG_WARN_INT_CONVERSION = YES;
				CLANG_WARN_NON_LITERAL_NULL_CONVERSION = YES;
				CLANG_WARN_OBJC_LITERAL_CONVERSION = YES;
				CLANG_WARN_OBJC_ROOT_CLASS = YES_ERROR;
				CLANG_WARN_RANGE_LOOP_ANALYSIS = YES;
				CLANG_WARN_STRICT_PROTOTYPES = YES;
				CLANG_WARN_SUSPICIOUS_MOVE = YES;
				CLANG_WARN_UNGUARDED_AVAILABILITY = YES_AGGRESSIVE;
				CLANG_WARN_UNREACHABLE_CODE = YES;
				CLANG_WARN__DUPLICATE_METHOD_MATCH = YES;
				CODE_SIGN_IDENTITY = "iPhone Developer";
				COPY_PHASE_STRIP = NO;
				DEBUG_INFORMATION_FORMAT = "dwarf-with-dsym";
				ENABLE_NS_ASSERTIONS = NO;
				ENABLE_STRICT_OBJC_MSGSEND = YES;
				GCC_C_LANGUAGE_STANDARD = gnu11;
				GCC_NO_COMMON_BLOCKS = YES;
				GCC_WARN_64_TO_32_BIT_CONVERSION = YES;
				GCC_WARN_ABOUT_RETURN_TYPE = YES_ERROR;
				GCC_WARN_UNDECLARED_SELECTOR = YES;
				GCC_WARN_UNINITIALIZED_AUTOS = YES_AGGRESSIVE;
				GCC_WARN_UNUSED_FUNCTION = YES;
				GCC_WARN_UNUSED_VARIABLE = YES;
				IPHONEOS_DEPLOYMENT_TARGET = 11.0;
				MTL_ENABLE_DEBUG_INFO = NO;
				SDKROOT = iphoneos;
				VALIDATE_PRODUCT = YES;
			};
			name = Release;
		};
		285700E11F8F60320002389D /* Debug */ = {
			isa = XCBuildConfiguration;
			buildSettings = {
				ASSETCATALOG_COMPILER_APPICON_NAME = AppIcon;
				CODE_SIGN_STYLE = Automatic;
				INFOPLIST_FILE = L171012_pm/Info.plist;
				LD_RUNPATH_SEARCH_PATHS = "$(inherited) @executable_path/Frameworks";
				PRODUCT_BUNDLE_IDENTIFIER = "com.linyan.L171012-pm";
				PRODUCT_NAME = "$(TARGET_NAME)";
				TARGETED_DEVICE_FAMILY = "1,2";
			};
			name = Debug;
		};
		285700E21F8F60320002389D /* Release */ = {
			isa = XCBuildConfiguration;
			buildSettings = {
				ASSETCATALOG_COMPILER_APPICON_NAME = AppIcon;
				CODE_SIGN_STYLE = Automatic;
				INFOPLIST_FILE = L171012_pm/Info.plist;
				LD_RUNPATH_SEARCH_PATHS = "$(inherited) @executable_path/Frameworks";
				PRODUCT_BUNDLE_IDENTIFIER = "com.linyan.L171012-pm";
				PRODUCT_NAME = "$(TARGET_NAME)";
				TARGETED_DEVICE_FAMILY = "1,2";
			};
			name = Release;
		};
		285700E41F8F60320002389D /* Debug */ = {
			isa = XCBuildConfiguration;
			buildSettings = {
				BUNDLE_LOADER = "$(TEST_HOST)";
				CODE_SIGN_STYLE = Automatic;
				INFOPLIST_FILE = L171012_pmTests/Info.plist;
				LD_RUNPATH_SEARCH_PATHS = "$(inherited) @executable_path/Frameworks @loader_path/Frameworks";
				PRODUCT_BUNDLE_IDENTIFIER = "com.linyan.L171012-pmTests";
				PRODUCT_NAME = "$(TARGET_NAME)";
				TARGETED_DEVICE_FAMILY = "1,2";
				TEST_HOST = "$(BUILT_PRODUCTS_DIR)/L171012_pm.app/L171012_pm";
			};
			name = Debug;
		};
		285700E51F8F60320002389D /* Release */ = {
			isa = XCBuildConfiguration;
			buildSettings = {
				BUNDLE_LOADER = "$(TEST_HOST)";
				CODE_SIGN_STYLE = Automatic;
				INFOPLIST_FILE = L171012_pmTests/Info.plist;
				LD_RUNPATH_SEARCH_PATHS = "$(inherited) @executable_path/Frameworks @loader_path/Frameworks";
				PRODUCT_BUNDLE_IDENTIFIER = "com.linyan.L171012-pmTests";
				PRODUCT_NAME = "$(TARGET_NAME)";
				TARGETED_DEVICE_FAMILY = "1,2";
				TEST_HOST = "$(BUILT_PRODUCTS_DIR)/L171012_pm.app/L171012_pm";
			};
			name = Release;
		};
		285700E71F8F60320002389D /* Debug */ = {
			isa = XCBuildConfiguration;
			buildSettings = {
				CODE_SIGN_STYLE = Automatic;
				INFOPLIST_FILE = L171012_pmUITests/Info.plist;
				LD_RUNPATH_SEARCH_PATHS = "$(inherited) @executable_path/Frameworks @loader_path/Frameworks";
				PRODUCT_BUNDLE_IDENTIFIER = "com.linyan.L171012-pmUITests";
				PRODUCT_NAME = "$(TARGET_NAME)";
				TARGETED_DEVICE_FAMILY = "1,2";
				TEST_TARGET_NAME = L171012_pm;
			};
			name = Debug;
		};
		285700E81F8F60320002389D /* Release */ = {
			isa = XCBuildConfiguration;
			buildSettings = {
				CODE_SIGN_STYLE = Automatic;
				INFOPLIST_FILE = L171012_pmUITests/Info.plist;
				LD_RUNPATH_SEARCH_PATHS = "$(inherited) @executable_path/Frameworks @loader_path/Frameworks";
				PRODUCT_BUNDLE_IDENTIFIER = "com.linyan.L171012-pmUITests";
				PRODUCT_NAME = "$(TARGET_NAME)";
				TARGETED_DEVICE_FAMILY = "1,2";
				TEST_TARGET_NAME = L171012_pm;
			};
			name = Release;
		};
/* End XCBuildConfiguration section */

/* Begin XCConfigurationList section */
		285700AF1F8F60320002389D /* Build configuration list for PBXProject "L171012_pm" */ = {
			isa = XCConfigurationList;
			buildConfigurations = (
				285700DE1F8F60320002389D /* Debug */,
				285700DF1F8F60320002389D /* Release */,
			);
			defaultConfigurationIsVisible = 0;
			defaultConfigurationName = Release;
		};
		285700E01F8F60320002389D /* Build configuration list for PBXNativeTarget "L171012_pm" */ = {
			isa = XCConfigurationList;
			buildConfigurations = (
				285700E11F8F60320002389D /* Debug */,
				285700E21F8F60320002389D /* Release */,
			);
			defaultConfigurationIsVisible = 0;
			defaultConfigurationName = Release;
		};
		285700E31F8F60320002389D /* Build configuration list for PBXNativeTarget "L171012_pmTests" */ = {
			isa = XCConfigurationList;
			buildConfigurations = (
				285700E41F8F60320002389D /* Debug */,
				285700E51F8F60320002389D /* Release */,
			);
			defaultConfigurationIsVisible = 0;
			defaultConfigurationName = Release;
		};
		285700E61F8F60320002389D /* Build configuration list for PBXNativeTarget "L171012_pmUITests" */ = {
			isa = XCConfigurationList;
			buildConfigurations = (
				285700E71F8F60320002389D /* Debug */,
				285700E81F8F60320002389D /* Release */,
			);
			defaultConfigurationIsVisible = 0;
			defaultConfigurationName = Release;
		};
/* End XCConfigurationList section */
	};
	rootObject = 285700AC1F8F60320002389D /* Project object */;
}
